{
  "version": 4,
  "terraform_version": "1.9.3",
  "serial": 108,
  "lineage": "fab7b078-7dc9-b136-0570-59339e7b6225",
  "outputs": {
    "cluster_certificate_authority_data": {
      "value": "LS0tLS1CRUdJTiBDRVJUSUZJQ0FURS0tLS0tCk1JSURCVENDQWUyZ0F3SUJBZ0lJY2RaY3BVbEZhKzB3RFFZSktvWklodmNOQVFFTEJRQXdGVEVUTUJFR0ExVUUKQXhNS2EzVmlaWEp1WlhSbGN6QWVGdzB5TkRBM016RXdPRE00TVRWYUZ3MHpOREEzTWprd09EUXpNVFZhTUJVeApFekFSQmdOVkJBTVRDbXQxWW1WeWJtVjBaWE13Z2dFaU1BMEdDU3FHU0liM0RRRUJBUVVBQTRJQkR3QXdnZ0VLCkFvSUJBUURSL2E0MG1IWG9HbjVsNEp3TDhvM0RCRWFXV2tGVFNWd1V6QmhhbWNJZFJQclgrRHZ0MFJFTVdscjMKL0psRGJNNkdIOU84b05LVEtaSnBxaGhjMVhEQjBKVE9XcFY3MkNOa1JKMjc1emNjNUI1RjVrbWhWTGJLdXlqQQppdGxuSDZsTUdGTlYya3I5U1FqNFNkWEtJOWxndURiTjhhQk9HTkFRdklUSllYbnVFQTRQVGNZY2x2bTdpaDlOCjRCbG1VSllZQktDS3NNMm84MUY4Vk16L2dsOTEwOGR6SDI2dHd0UUJJTnZuN1JGTGNiNlJSOHhHUVhFRzZrTFYKZXhuS0dFYjdqYjZKWTh2VDF4ZHBuMDVheS9Yem43MHhYL2VwOXp6aWxXMEhoRVBkMzlaKzcvUFhTRHAvTlpBawplb2J1YWhHN3NnOTBnYU1rQ2d4MWZvb1FRcFdSQWdNQkFBR2pXVEJYTUE0R0ExVWREd0VCL3dRRUF3SUNwREFQCkJnTlZIUk1CQWY4RUJUQURBUUgvTUIwR0ExVWREZ1FXQkJTU0pabjhmNkhkNnAvdlBUVVV1M2RDUDZBMXBqQVYKQmdOVkhSRUVEakFNZ2dwcmRXSmxjbTVsZEdWek1BMEdDU3FHU0liM0RRRUJDd1VBQTRJQkFRQ2ZJampxbnI5cgp4WiszTHJVUndLSFZUc2N0NTl0ZjcyWGhVWE9RaUkrZUhIMmdtM0FGLzBhb1ZENHRTWUJCVUZvMGFiTXRWQXVnCldmMXN5TUszWGNyTDlndWlEdGVuY09SUFoyOUtLTS9hdE9QUmNNUXBOU0pJUmpYbFhMSDRHTldYNDFFRCtadzYKRko0MGVVZlRpVDB4ZTZ0dks2NzV0S3ZTMGVmdXlMMDdoeHlFQWo5N2xaQzA4NVFhMlVnZTJvRTZlSTZzdVZYcApzN0I5UTlhN3RsaXpUbGViU2xSM0VibWJNZGc1bWIyUHBIckc3ODJibWxTZEMvdUpEUkVac2laRlZGY3NRQk91CkoxK1N5NWRDdlJCVlhLVEtOQW9hdzFBQW5sMEhkeERLbWtMeVYvMmRUVXE2QUh5cEM0bXhXWWYzRkRkUEcxYlQKTU1tbG1tK1piaUtDCi0tLS0tRU5EIENFUlRJRklDQVRFLS0tLS0K",
      "type": "string"
    },
    "cluster_endpoint": {
      "value": "https://58BBCB43317C65880CA5F1C8F2F5BAEC.yl4.us-east-1.eks.amazonaws.com",
      "type": "string"
    },
    "cluster_name": {
      "value": "my-k8s-cluster",
      "type": "string"
    }
  },
  "resources": [
    {
      "mode": "data",
      "type": "aws_availability_zones",
      "name": "available",
      "provider": "provider[\"registry.terraform.io/hashicorp/aws\"]",
      "instances": [
        {
          "schema_version": 0,
          "attributes": {
            "all_availability_zones": null,
            "exclude_names": null,
            "exclude_zone_ids": null,
            "filter": null,
            "group_names": [
              "us-east-1"
            ],
            "id": "us-east-1",
            "names": [
              "us-east-1a",
              "us-east-1b",
              "us-east-1c",
              "us-east-1d",
              "us-east-1e",
              "us-east-1f"
            ],
            "state": null,
            "timeouts": null,
            "zone_ids": [
              "use1-az6",
              "use1-az1",
              "use1-az2",
              "use1-az4",
              "use1-az3",
              "use1-az5"
            ]
          },
          "sensitive_attributes": []
        }
      ]
    },
    {
      "mode": "managed",
      "type": "aws_eks_cluster",
      "name": "eks",
      "provider": "provider[\"registry.terraform.io/hashicorp/aws\"]",
      "instances": [
        {
          "schema_version": 1,
          "attributes": {
            "access_config": [
              {
                "authentication_mode": "CONFIG_MAP",
                "bootstrap_cluster_creator_admin_permissions": true
              }
            ],
            "arn": "arn:aws:eks:us-east-1:637423360254:cluster/my-k8s-cluster",
            "bootstrap_self_managed_addons": true,
            "certificate_authority": [
              {
                "data": "LS0tLS1CRUdJTiBDRVJUSUZJQ0FURS0tLS0tCk1JSURCVENDQWUyZ0F3SUJBZ0lJY2RaY3BVbEZhKzB3RFFZSktvWklodmNOQVFFTEJRQXdGVEVUTUJFR0ExVUUKQXhNS2EzVmlaWEp1WlhSbGN6QWVGdzB5TkRBM016RXdPRE00TVRWYUZ3MHpOREEzTWprd09EUXpNVFZhTUJVeApFekFSQmdOVkJBTVRDbXQxWW1WeWJtVjBaWE13Z2dFaU1BMEdDU3FHU0liM0RRRUJBUVVBQTRJQkR3QXdnZ0VLCkFvSUJBUURSL2E0MG1IWG9HbjVsNEp3TDhvM0RCRWFXV2tGVFNWd1V6QmhhbWNJZFJQclgrRHZ0MFJFTVdscjMKL0psRGJNNkdIOU84b05LVEtaSnBxaGhjMVhEQjBKVE9XcFY3MkNOa1JKMjc1emNjNUI1RjVrbWhWTGJLdXlqQQppdGxuSDZsTUdGTlYya3I5U1FqNFNkWEtJOWxndURiTjhhQk9HTkFRdklUSllYbnVFQTRQVGNZY2x2bTdpaDlOCjRCbG1VSllZQktDS3NNMm84MUY4Vk16L2dsOTEwOGR6SDI2dHd0UUJJTnZuN1JGTGNiNlJSOHhHUVhFRzZrTFYKZXhuS0dFYjdqYjZKWTh2VDF4ZHBuMDVheS9Yem43MHhYL2VwOXp6aWxXMEhoRVBkMzlaKzcvUFhTRHAvTlpBawplb2J1YWhHN3NnOTBnYU1rQ2d4MWZvb1FRcFdSQWdNQkFBR2pXVEJYTUE0R0ExVWREd0VCL3dRRUF3SUNwREFQCkJnTlZIUk1CQWY4RUJUQURBUUgvTUIwR0ExVWREZ1FXQkJTU0pabjhmNkhkNnAvdlBUVVV1M2RDUDZBMXBqQVYKQmdOVkhSRUVEakFNZ2dwcmRXSmxjbTVsZEdWek1BMEdDU3FHU0liM0RRRUJDd1VBQTRJQkFRQ2ZJampxbnI5cgp4WiszTHJVUndLSFZUc2N0NTl0ZjcyWGhVWE9RaUkrZUhIMmdtM0FGLzBhb1ZENHRTWUJCVUZvMGFiTXRWQXVnCldmMXN5TUszWGNyTDlndWlEdGVuY09SUFoyOUtLTS9hdE9QUmNNUXBOU0pJUmpYbFhMSDRHTldYNDFFRCtadzYKRko0MGVVZlRpVDB4ZTZ0dks2NzV0S3ZTMGVmdXlMMDdoeHlFQWo5N2xaQzA4NVFhMlVnZTJvRTZlSTZzdVZYcApzN0I5UTlhN3RsaXpUbGViU2xSM0VibWJNZGc1bWIyUHBIckc3ODJibWxTZEMvdUpEUkVac2laRlZGY3NRQk91CkoxK1N5NWRDdlJCVlhLVEtOQW9hdzFBQW5sMEhkeERLbWtMeVYvMmRUVXE2QUh5cEM0bXhXWWYzRkRkUEcxYlQKTU1tbG1tK1piaUtDCi0tLS0tRU5EIENFUlRJRklDQVRFLS0tLS0K"
              }
            ],
            "cluster_id": null,
            "created_at": "2024-07-31 08:38:17.4 +0000 UTC",
            "enabled_cluster_log_types": null,
            "encryption_config": [],
            "endpoint": "https://58BBCB43317C65880CA5F1C8F2F5BAEC.yl4.us-east-1.eks.amazonaws.com",
            "id": "my-k8s-cluster",
            "identity": [
              {
                "oidc": [
                  {
                    "issuer": "https://oidc.eks.us-east-1.amazonaws.com/id/58BBCB43317C65880CA5F1C8F2F5BAEC"
                  }
                ]
              }
            ],
            "kubernetes_network_config": [
              {
                "ip_family": "ipv4",
                "service_ipv4_cidr": "172.20.0.0/16",
                "service_ipv6_cidr": ""
              }
            ],
            "name": "my-k8s-cluster",
            "outpost_config": [],
            "platform_version": "eks.5",
            "role_arn": "arn:aws:iam::637423360254:role/my-k8s-cluster-eks-cluster-role",
            "status": "ACTIVE",
            "tags": null,
            "tags_all": {},
            "timeouts": null,
            "version": "1.30",
            "vpc_config": [
              {
                "cluster_security_group_id": "sg-048aecd97f6c04780",
                "endpoint_private_access": false,
                "endpoint_public_access": true,
                "public_access_cidrs": [
                  "0.0.0.0/0"
                ],
                "security_group_ids": null,
                "subnet_ids": [
                  "subnet-031d690df3657ce47",
                  "subnet-0b377c15b7e2b57eb"
                ],
                "vpc_id": "vpc-018710258aec174df"
              }
            ]
          },
          "sensitive_attributes": [],
          "private": "eyJlMmJmYjczMC1lY2FhLTExZTYtOGY4OC0zNDM2M2JjN2M0YzAiOnsiY3JlYXRlIjoxODAwMDAwMDAwMDAwLCJkZWxldGUiOjkwMDAwMDAwMDAwMCwidXBkYXRlIjozNjAwMDAwMDAwMDAwfSwic2NoZW1hX3ZlcnNpb24iOiIxIn0=",
          "dependencies": [
            "aws_iam_role.eks_cluster",
            "aws_iam_role_policy_attachment.eks_cluster_AmazonEKSClusterPolicy",
            "aws_subnet.public",
            "aws_vpc.main",
            "data.aws_availability_zones.available"
          ]
        }
      ]
    },
    {
      "mode": "managed",
      "type": "aws_eks_node_group",
      "name": "eks_nodes",
      "provider": "provider[\"registry.terraform.io/hashicorp/aws\"]",
      "instances": [
        {
          "schema_version": 0,
          "attributes": {
            "ami_type": "AL2023_x86_64_STANDARD",
            "arn": "arn:aws:eks:us-east-1:637423360254:nodegroup/my-k8s-cluster/my-k8s-cluster-node-group/14c883fc-be26-553d-28c9-c3f49a6a643a",
            "capacity_type": "ON_DEMAND",
            "cluster_name": "my-k8s-cluster",
            "disk_size": 20,
            "force_update_version": null,
            "id": "my-k8s-cluster:my-k8s-cluster-node-group",
            "instance_types": [
              "t3.medium"
            ],
            "labels": null,
            "launch_template": [],
            "node_group_name": "my-k8s-cluster-node-group",
            "node_group_name_prefix": "",
            "node_role_arn": "arn:aws:iam::637423360254:role/my-k8s-cluster-eks-node-group-role",
            "release_version": "1.30.0-20240703",
            "remote_access": [
              {
                "ec2_ssh_key": "eks",
                "source_security_group_ids": [
                  "sg-03bd972305bd70d8d"
                ]
              }
            ],
            "resources": [
              {
                "autoscaling_groups": [
                  {
                    "name": "eks-my-k8s-cluster-node-group-14c883fc-be26-553d-28c9-c3f49a6a643a"
                  }
                ],
                "remote_access_security_group_id": "sg-02f344e824574802a"
              }
            ],
            "scaling_config": [
              {
                "desired_size": 1,
                "max_size": 1,
                "min_size": 1
              }
            ],
            "status": "ACTIVE",
            "subnet_ids": [
              "subnet-031d690df3657ce47",
              "subnet-0b377c15b7e2b57eb"
            ],
            "tags": null,
            "tags_all": {},
            "taint": [],
            "timeouts": null,
            "update_config": [
              {
                "max_unavailable": 1,
                "max_unavailable_percentage": 0
              }
            ],
            "version": "1.30"
          },
          "sensitive_attributes": [],
          "private": "eyJlMmJmYjczMC1lY2FhLTExZTYtOGY4OC0zNDM2M2JjN2M0YzAiOnsiY3JlYXRlIjozNjAwMDAwMDAwMDAwLCJkZWxldGUiOjM2MDAwMDAwMDAwMDAsInVwZGF0ZSI6MzYwMDAwMDAwMDAwMH19",
          "dependencies": [
            "aws_eks_cluster.eks",
            "aws_iam_role.eks_cluster",
            "aws_iam_role.eks_node_group",
            "aws_iam_role_policy_attachment.eks_cluster_AmazonEKSClusterPolicy",
            "aws_iam_role_policy_attachment.eks_node_group_AmazonEC2ContainerRegistryReadOnly",
            "aws_iam_role_policy_attachment.eks_node_group_AmazonEKSWorkerNodePolicy",
            "aws_iam_role_policy_attachment.eks_node_group_AmazonEKS_CNI_Policy",
            "aws_security_group.eks_cluster_security_group",
            "aws_subnet.public",
            "aws_vpc.main",
            "data.aws_availability_zones.available"
          ]
        }
      ]
    },
    {
      "mode": "managed",
      "type": "aws_iam_role",
      "name": "eks_cluster",
      "provider": "provider[\"registry.terraform.io/hashicorp/aws\"]",
      "instances": [
        {
          "schema_version": 0,
          "attributes": {
            "arn": "arn:aws:iam::637423360254:role/my-k8s-cluster-eks-cluster-role",
            "assume_role_policy": "{\"Statement\":[{\"Action\":\"sts:AssumeRole\",\"Effect\":\"Allow\",\"Principal\":{\"Service\":\"eks.amazonaws.com\"}}],\"Version\":\"2012-10-17\"}",
            "create_date": "2024-07-31T08:37:59Z",
            "description": "",
            "force_detach_policies": false,
            "id": "my-k8s-cluster-eks-cluster-role",
            "inline_policy": [],
            "managed_policy_arns": [],
            "max_session_duration": 3600,
            "name": "my-k8s-cluster-eks-cluster-role",
            "name_prefix": "",
            "path": "/",
            "permissions_boundary": "",
            "tags": {
              "Name": "my-k8s-cluster-eks-cluster-role"
            },
            "tags_all": {
              "Name": "my-k8s-cluster-eks-cluster-role"
            },
            "unique_id": "AROAZI2LETD7DQBLBV4CS"
          },
          "sensitive_attributes": [],
          "private": "bnVsbA=="
        }
      ]
    },
    {
      "mode": "managed",
      "type": "aws_iam_role",
      "name": "eks_node_group",
      "provider": "provider[\"registry.terraform.io/hashicorp/aws\"]",
      "instances": [
        {
          "schema_version": 0,
          "attributes": {
            "arn": "arn:aws:iam::637423360254:role/my-k8s-cluster-eks-node-group-role",
            "assume_role_policy": "{\"Statement\":[{\"Action\":\"sts:AssumeRole\",\"Effect\":\"Allow\",\"Principal\":{\"Service\":\"ec2.amazonaws.com\"}}],\"Version\":\"2012-10-17\"}",
            "create_date": "2024-07-31T08:37:59Z",
            "description": "",
            "force_detach_policies": false,
            "id": "my-k8s-cluster-eks-node-group-role",
            "inline_policy": [],
            "managed_policy_arns": [],
            "max_session_duration": 3600,
            "name": "my-k8s-cluster-eks-node-group-role",
            "name_prefix": "",
            "path": "/",
            "permissions_boundary": "",
            "tags": {
              "Name": "my-k8s-cluster-eks-node-group-role"
            },
            "tags_all": {
              "Name": "my-k8s-cluster-eks-node-group-role"
            },
            "unique_id": "AROAZI2LETD7NWMVZ4Q3W"
          },
          "sensitive_attributes": [],
          "private": "bnVsbA=="
        }
      ]
    },
    {
      "mode": "managed",
      "type": "aws_iam_role_policy_attachment",
      "name": "eks_cluster_AmazonEKSClusterPolicy",
      "provider": "provider[\"registry.terraform.io/hashicorp/aws\"]",
      "instances": [
        {
          "schema_version": 0,
          "attributes": {
            "id": "my-k8s-cluster-eks-cluster-role-20240731083801017200000002",
            "policy_arn": "arn:aws:iam::aws:policy/AmazonEKSClusterPolicy",
            "role": "my-k8s-cluster-eks-cluster-role"
          },
          "sensitive_attributes": [],
          "private": "bnVsbA==",
          "dependencies": [
            "aws_iam_role.eks_cluster"
          ]
        }
      ]
    },
    {
      "mode": "managed",
      "type": "aws_iam_role_policy_attachment",
      "name": "eks_node_group_AmazonEC2ContainerRegistryReadOnly",
      "provider": "provider[\"registry.terraform.io/hashicorp/aws\"]",
      "instances": [
        {
          "schema_version": 0,
          "attributes": {
            "id": "my-k8s-cluster-eks-node-group-role-20240731083801011300000001",
            "policy_arn": "arn:aws:iam::aws:policy/AmazonEC2ContainerRegistryReadOnly",
            "role": "my-k8s-cluster-eks-node-group-role"
          },
          "sensitive_attributes": [],
          "private": "bnVsbA==",
          "dependencies": [
            "aws_iam_role.eks_node_group"
          ]
        }
      ]
    },
    {
      "mode": "managed",
      "type": "aws_iam_role_policy_attachment",
      "name": "eks_node_group_AmazonEKSWorkerNodePolicy",
      "provider": "provider[\"registry.terraform.io/hashicorp/aws\"]",
      "instances": [
        {
          "schema_version": 0,
          "attributes": {
            "id": "my-k8s-cluster-eks-node-group-role-20240731083801312200000003",
            "policy_arn": "arn:aws:iam::aws:policy/AmazonEKSWorkerNodePolicy",
            "role": "my-k8s-cluster-eks-node-group-role"
          },
          "sensitive_attributes": [],
          "private": "bnVsbA==",
          "dependencies": [
            "aws_iam_role.eks_node_group"
          ]
        }
      ]
    },
    {
      "mode": "managed",
      "type": "aws_iam_role_policy_attachment",
      "name": "eks_node_group_AmazonEKS_CNI_Policy",
      "provider": "provider[\"registry.terraform.io/hashicorp/aws\"]",
      "instances": [
        {
          "schema_version": 0,
          "attributes": {
            "id": "my-k8s-cluster-eks-node-group-role-20240731083801378200000004",
            "policy_arn": "arn:aws:iam::aws:policy/AmazonEKS_CNI_Policy",
            "role": "my-k8s-cluster-eks-node-group-role"
          },
          "sensitive_attributes": [],
          "private": "bnVsbA==",
          "dependencies": [
            "aws_iam_role.eks_node_group"
          ]
        }
      ]
    },
    {
      "mode": "managed",
      "type": "aws_internet_gateway",
      "name": "igw",
      "provider": "provider[\"registry.terraform.io/hashicorp/aws\"]",
      "instances": [
        {
          "schema_version": 0,
          "attributes": {
            "arn": "arn:aws:ec2:us-east-1:637423360254:internet-gateway/igw-0a831a472baac577c",
            "id": "igw-0a831a472baac577c",
            "owner_id": "637423360254",
            "tags": {
              "Name": "my-k8s-cluster-igw"
            },
            "tags_all": {
              "Name": "my-k8s-cluster-igw"
            },
            "timeouts": null,
            "vpc_id": "vpc-018710258aec174df"
          },
          "sensitive_attributes": [],
          "private": "eyJlMmJmYjczMC1lY2FhLTExZTYtOGY4OC0zNDM2M2JjN2M0YzAiOnsiY3JlYXRlIjoxMjAwMDAwMDAwMDAwLCJkZWxldGUiOjEyMDAwMDAwMDAwMDAsInVwZGF0ZSI6MTIwMDAwMDAwMDAwMH19",
          "dependencies": [
            "aws_vpc.main"
          ]
        }
      ]
    },
    {
      "mode": "managed",
      "type": "aws_route_table",
      "name": "public",
      "provider": "provider[\"registry.terraform.io/hashicorp/aws\"]",
      "instances": [
        {
          "schema_version": 0,
          "attributes": {
            "arn": "arn:aws:ec2:us-east-1:637423360254:route-table/rtb-0c7b177901043bdfd",
            "id": "rtb-0c7b177901043bdfd",
            "owner_id": "637423360254",
            "propagating_vgws": [],
            "route": [
              {
                "carrier_gateway_id": "",
                "cidr_block": "0.0.0.0/0",
                "core_network_arn": "",
                "destination_prefix_list_id": "",
                "egress_only_gateway_id": "",
                "gateway_id": "igw-0a831a472baac577c",
                "ipv6_cidr_block": "",
                "local_gateway_id": "",
                "nat_gateway_id": "",
                "network_interface_id": "",
                "transit_gateway_id": "",
                "vpc_endpoint_id": "",
                "vpc_peering_connection_id": ""
              }
            ],
            "tags": {
              "Name": "my-k8s-cluster-public-rt"
            },
            "tags_all": {
              "Name": "my-k8s-cluster-public-rt"
            },
            "timeouts": null,
            "vpc_id": "vpc-018710258aec174df"
          },
          "sensitive_attributes": [],
          "private": "eyJlMmJmYjczMC1lY2FhLTExZTYtOGY4OC0zNDM2M2JjN2M0YzAiOnsiY3JlYXRlIjozMDAwMDAwMDAwMDAsImRlbGV0ZSI6MzAwMDAwMDAwMDAwLCJ1cGRhdGUiOjEyMDAwMDAwMDAwMH19",
          "dependencies": [
            "aws_internet_gateway.igw",
            "aws_vpc.main"
          ]
        }
      ]
    },
    {
      "mode": "managed",
      "type": "aws_route_table_association",
      "name": "public",
      "provider": "provider[\"registry.terraform.io/hashicorp/aws\"]",
      "instances": [
        {
          "index_key": 0,
          "schema_version": 0,
          "attributes": {
            "gateway_id": "",
            "id": "rtbassoc-0616de614b0f1bf04",
            "route_table_id": "rtb-0c7b177901043bdfd",
            "subnet_id": "subnet-0b377c15b7e2b57eb",
            "timeouts": null
          },
          "sensitive_attributes": [],
          "private": "eyJlMmJmYjczMC1lY2FhLTExZTYtOGY4OC0zNDM2M2JjN2M0YzAiOnsiY3JlYXRlIjozMDAwMDAwMDAwMDAsImRlbGV0ZSI6MzAwMDAwMDAwMDAwLCJ1cGRhdGUiOjEyMDAwMDAwMDAwMH19",
          "dependencies": [
            "aws_internet_gateway.igw",
            "aws_route_table.public",
            "aws_subnet.public",
            "aws_vpc.main",
            "data.aws_availability_zones.available"
          ]
        },
        {
          "index_key": 1,
          "schema_version": 0,
          "attributes": {
            "gateway_id": "",
            "id": "rtbassoc-0eb7e7c097b3a49c3",
            "route_table_id": "rtb-0c7b177901043bdfd",
            "subnet_id": "subnet-031d690df3657ce47",
            "timeouts": null
          },
          "sensitive_attributes": [],
          "private": "eyJlMmJmYjczMC1lY2FhLTExZTYtOGY4OC0zNDM2M2JjN2M0YzAiOnsiY3JlYXRlIjozMDAwMDAwMDAwMDAsImRlbGV0ZSI6MzAwMDAwMDAwMDAwLCJ1cGRhdGUiOjEyMDAwMDAwMDAwMH19",
          "dependencies": [
            "aws_internet_gateway.igw",
            "aws_route_table.public",
            "aws_subnet.public",
            "aws_vpc.main",
            "data.aws_availability_zones.available"
          ]
        }
      ]
    },
    {
      "mode": "managed",
      "type": "aws_security_group",
      "name": "eks_cluster_security_group",
      "provider": "provider[\"registry.terraform.io/hashicorp/aws\"]",
      "instances": [
        {
          "schema_version": 1,
          "attributes": {
            "arn": "arn:aws:ec2:us-east-1:637423360254:security-group/sg-03bd972305bd70d8d",
            "description": "Managed by Terraform",
            "egress": [
              {
                "cidr_blocks": [
                  "0.0.0.0/0"
                ],
                "description": "",
                "from_port": 0,
                "ipv6_cidr_blocks": [],
                "prefix_list_ids": [],
                "protocol": "-1",
                "security_groups": [],
                "self": false,
                "to_port": 0
              }
            ],
            "id": "sg-03bd972305bd70d8d",
            "ingress": [
              {
                "cidr_blocks": [
                  "0.0.0.0/0"
                ],
                "description": "Allow HTTP",
                "from_port": 80,
                "ipv6_cidr_blocks": [],
                "prefix_list_ids": [],
                "protocol": "tcp",
                "security_groups": [],
                "self": false,
                "to_port": 80
              },
              {
                "cidr_blocks": [
                  "0.0.0.0/0"
                ],
                "description": "Allow SSH",
                "from_port": 22,
                "ipv6_cidr_blocks": [],
                "prefix_list_ids": [],
                "protocol": "tcp",
                "security_groups": [],
                "self": false,
                "to_port": 22
              },
              {
                "cidr_blocks": [
                  "0.0.0.0/0"
                ],
                "description": "Allow custom port 8080",
                "from_port": 8080,
                "ipv6_cidr_blocks": [],
                "prefix_list_ids": [],
                "protocol": "tcp",
                "security_groups": [],
                "self": false,
                "to_port": 8080
              }
            ],
            "name": "my-k8s-cluster-sg",
            "name_prefix": "",
            "owner_id": "637423360254",
            "revoke_rules_on_delete": false,
            "tags": {
              "Name": "my-k8s-cluster-sg"
            },
            "tags_all": {
              "Name": "my-k8s-cluster-sg"
            },
            "timeouts": null,
            "vpc_id": "vpc-018710258aec174df"
          },
          "sensitive_attributes": [],
          "private": "eyJlMmJmYjczMC1lY2FhLTExZTYtOGY4OC0zNDM2M2JjN2M0YzAiOnsiY3JlYXRlIjo2MDAwMDAwMDAwMDAsImRlbGV0ZSI6OTAwMDAwMDAwMDAwfSwic2NoZW1hX3ZlcnNpb24iOiIxIn0=",
          "dependencies": [
            "aws_vpc.main"
          ]
        }
      ]
    },
    {
      "mode": "managed",
      "type": "aws_subnet",
      "name": "public",
      "provider": "provider[\"registry.terraform.io/hashicorp/aws\"]",
      "instances": [
        {
          "index_key": 0,
          "schema_version": 1,
          "attributes": {
            "arn": "arn:aws:ec2:us-east-1:637423360254:subnet/subnet-0b377c15b7e2b57eb",
            "assign_ipv6_address_on_creation": false,
            "availability_zone": "us-east-1a",
            "availability_zone_id": "use1-az6",
            "cidr_block": "10.0.1.0/24",
            "customer_owned_ipv4_pool": "",
            "enable_dns64": false,
            "enable_lni_at_device_index": 0,
            "enable_resource_name_dns_a_record_on_launch": false,
            "enable_resource_name_dns_aaaa_record_on_launch": false,
            "id": "subnet-0b377c15b7e2b57eb",
            "ipv6_cidr_block": "",
            "ipv6_cidr_block_association_id": "",
            "ipv6_native": false,
            "map_customer_owned_ip_on_launch": false,
            "map_public_ip_on_launch": true,
            "outpost_arn": "",
            "owner_id": "637423360254",
            "private_dns_hostname_type_on_launch": "ip-name",
            "tags": {
              "Name": "my-k8s-cluster-public-subnet-0"
            },
            "tags_all": {
              "Name": "my-k8s-cluster-public-subnet-0"
            },
            "timeouts": null,
            "vpc_id": "vpc-018710258aec174df"
          },
          "sensitive_attributes": [],
          "private": "eyJlMmJmYjczMC1lY2FhLTExZTYtOGY4OC0zNDM2M2JjN2M0YzAiOnsiY3JlYXRlIjo2MDAwMDAwMDAwMDAsImRlbGV0ZSI6MTIwMDAwMDAwMDAwMH0sInNjaGVtYV92ZXJzaW9uIjoiMSJ9",
          "dependencies": [
            "aws_vpc.main",
            "data.aws_availability_zones.available"
          ]
        },
        {
          "index_key": 1,
          "schema_version": 1,
          "attributes": {
            "arn": "arn:aws:ec2:us-east-1:637423360254:subnet/subnet-031d690df3657ce47",
            "assign_ipv6_address_on_creation": false,
            "availability_zone": "us-east-1b",
            "availability_zone_id": "use1-az1",
            "cidr_block": "10.0.2.0/24",
            "customer_owned_ipv4_pool": "",
            "enable_dns64": false,
            "enable_lni_at_device_index": 0,
            "enable_resource_name_dns_a_record_on_launch": false,
            "enable_resource_name_dns_aaaa_record_on_launch": false,
            "id": "subnet-031d690df3657ce47",
            "ipv6_cidr_block": "",
            "ipv6_cidr_block_association_id": "",
            "ipv6_native": false,
            "map_customer_owned_ip_on_launch": false,
            "map_public_ip_on_launch": true,
            "outpost_arn": "",
            "owner_id": "637423360254",
            "private_dns_hostname_type_on_launch": "ip-name",
            "tags": {
              "Name": "my-k8s-cluster-public-subnet-1"
            },
            "tags_all": {
              "Name": "my-k8s-cluster-public-subnet-1"
            },
            "timeouts": null,
            "vpc_id": "vpc-018710258aec174df"
          },
          "sensitive_attributes": [],
          "private": "eyJlMmJmYjczMC1lY2FhLTExZTYtOGY4OC0zNDM2M2JjN2M0YzAiOnsiY3JlYXRlIjo2MDAwMDAwMDAwMDAsImRlbGV0ZSI6MTIwMDAwMDAwMDAwMH0sInNjaGVtYV92ZXJzaW9uIjoiMSJ9",
          "dependencies": [
            "aws_vpc.main",
            "data.aws_availability_zones.available"
          ]
        }
      ]
    },
    {
      "mode": "managed",
      "type": "aws_vpc",
      "name": "main",
      "provider": "provider[\"registry.terraform.io/hashicorp/aws\"]",
      "instances": [
        {
          "schema_version": 1,
          "attributes": {
            "arn": "arn:aws:ec2:us-east-1:637423360254:vpc/vpc-018710258aec174df",
            "assign_generated_ipv6_cidr_block": false,
            "cidr_block": "10.0.0.0/16",
            "default_network_acl_id": "acl-04a8e02ba91e6bd0f",
            "default_route_table_id": "rtb-041bc8b36aa02b38b",
            "default_security_group_id": "sg-06e648d3b67a8404d",
            "dhcp_options_id": "dopt-00f8375e30effe033",
            "enable_dns_hostnames": false,
            "enable_dns_support": true,
            "enable_network_address_usage_metrics": false,
            "id": "vpc-018710258aec174df",
            "instance_tenancy": "default",
            "ipv4_ipam_pool_id": null,
            "ipv4_netmask_length": null,
            "ipv6_association_id": "",
            "ipv6_cidr_block": "",
            "ipv6_cidr_block_network_border_group": "",
            "ipv6_ipam_pool_id": "",
            "ipv6_netmask_length": 0,
            "main_route_table_id": "rtb-041bc8b36aa02b38b",
            "owner_id": "637423360254",
            "tags": {
              "Name": "my-k8s-cluster-vpc"
            },
            "tags_all": {
              "Name": "my-k8s-cluster-vpc"
            }
          },
          "sensitive_attributes": [],
          "private": "eyJzY2hlbWFfdmVyc2lvbiI6IjEifQ=="
        }
      ]
    }
  ],
  "check_results": null
}
